
Microsoft Visual Studio Solution File, Format Version 12.00
# Visual Studio Version 16
VisualStudioVersion = 16.0.31911.196
MinimumVisualStudioVersion = 10.0.40219.1
Project("{FAE04EC0-301F-11D3-BF4B-00C04F79EFBC}") = "DTS-NET", "DTS-NET\DTS-NET.csproj", "{DA1DBF71-129A-42CD-93BF-537D200E3744}"
EndProject
Global
	GlobalSection(SolutionConfigurationPlatforms) = preSolution
		Debug|Any CPU = Debug|Any CPU
		Release|Any CPU = Release|Any CPU
	EndGlobalSection
	GlobalSection(ProjectConfigurationPlatforms) = postSolution
		{DA1DBF71-129A-42CD-93BF-537D200E3744}.Debug|Any CPU.ActiveCfg = Debug|Any CPU
		{DA1DBF71-129A-42CD-93BF-537D200E3744}.Debug|Any CPU.Build.0 = Debug|Any CPU
		{DA1DBF71-129A-42CD-93BF-537D200E3744}.Release|Any CPU.ActiveCfg = Release|Any CPU
		{DA1DBF71-129A-42CD-93BF-537D200E3744}.Release|Any CPU.Build.0 = Release|Any CPU
	EndGlobalSection
	GlobalSection(SolutionProperties) = preSolution
		HideSolutionNode = FALSE
	EndGlobalSection
	GlobalSection(ExtensibilityGlobals) = postSolution
		SolutionGuid = {50A9465A-ACE5-4247-A4D1-37B565585354}
	EndGlobalSection
EndGlobal
